{
    "_meta": {
        "hash": {
            "sha256": "4f4fd4fa4f3b067c75c48a1b477c2be6b406aa04828109fe451bc78001560ba9"
        },
        "pipfile-spec": 6,
        "requires": {
            "python_version": "3.5"
        },
        "sources": [
            {
                "name": "pypi",
                "url": "https://pypi.org/simple",
                "verify_ssl": true
            }
        ]
    },
    "default": {
        "numpy": {
            "hashes": [
                "sha256:03e311b0a4c9f5755da7d52161280c6a78406c7be5c5cc7facfbcebb641efb7e",
                "sha256:0cdd229a53d2720d21175012ab0599665f8c9588b3b8ffa6095dd7b90f0691dd",
                "sha256:312bb18e95218bedc3563f26fcc9c1c6bfaaf9d453d15942c0839acdd7e4c473",
                "sha256:464b1c48baf49e8505b1bb754c47a013d2c305c5b14269b5c85ea0625b6a988a",
                "sha256:5adfde7bd3ee4864536e230bcab1c673f866736698724d5d28c11a4d63672658",
                "sha256:7724e9e31ee72389d522b88c0d4201f24edc34277999701ccd4a5392e7d8af61",
                "sha256:8d36f7c53ae741e23f54793ffefb2912340b800476eb0a831c6eb602e204c5c4",
                "sha256:910d2272403c2ea8a52d9159827dc9f7c27fb4b263749dca884e2e4a8af3b302",
                "sha256:951fefe2fb73f84c620bec4e001e80a80ddaa1b84dce244ded7f1e0cbe0ed34a",
                "sha256:9588c6b4157f493edeb9378788dcd02cb9e6a6aeaa518b511a1c79d06cbd8094",
                "sha256:9ce8300950f2f1d29d0e49c28ebfff0d2f1e2a7444830fbb0b913c7c08f31511",
                "sha256:be39cca66cc6806652da97103605c7b65ee4442c638f04ff064a7efd9a81d50a",
                "sha256:c3ab2d835b95ccb59d11dfcd56eb0480daea57cdf95d686d22eff35584bc4554",
                "sha256:eb0fc4a492cb896346c9e2c7a22eae3e766d407df3eb20f4ce027f23f76e4c54",
                "sha256:ec0c56eae6cee6299f41e780a0280318a93db519bbb2906103c43f3e2be1206c",
                "sha256:f4e4612de60a4f1c4d06c8c2857cdcb2b8b5289189a12053f37d3f41f06c60d0"
            ],
            "version": "==1.17.0"
        },
        "opencv-python": {
            "hashes": [
                "sha256:042b141424978d2cc9b32905a22b137d39d9f61d60f9cd970d9ed35da8b508d8",
                "sha256:0550060919e4aa0083c552e1e9d3e6548fe946a34bbe573b94ea6e9bf9d8da4e",
                "sha256:154daf889e23b0c6b27449033561699378094230e3b2a29515f74b06a682e806",
                "sha256:1f48aa26bde4607d7e797b768ec7cac796f8b98e3cc313de4942193731daa155",
                "sha256:2c6c43d95e618f7c97c81553daa6cc476f83cb9b4782c131b104171d909427cc",
                "sha256:42d53bdb47fadc7d266c88a00120f452171bfda06f8cbb12706106c26a28322d",
                "sha256:45ea2d208277c044d7fb9ec0f47f44227bcabfcacb0cd4687f217cb01e7c133d",
                "sha256:4fb8bcc669c5be8f342b6ea7dcba00c7c4bba9e0dd68a48a5e3428e396853150",
                "sha256:54bfe1e32f0fcd919c1883f173787bef019aa38c6202259265b1fa15270602f4",
                "sha256:5ffc9d9d7922b808fed6ed4bbbc596b799d2ba93cceb2dd87a03b6489051d7e2",
                "sha256:70cb9b121649c5bfba3aba29b517e9ed34ae9fb9dbff5e211f979a778f230cc2",
                "sha256:77cc97703bbecad79484cfcd49a7e21b81ba7d481ae7a030a482347760fd6694",
                "sha256:90ad5029ff9a8dde58b01aa6d8903989dde9c13fc88f403d1af20a4ae8917ba2",
                "sha256:9fdaab937a0f9e8237c89bac8ff01279b2321e74fe0cdeaeb3710854d96819c8",
                "sha256:a1298bfdb7475740a825c28c9c0ecce4d80225376702c72b7fe296f7eb9f3e0b",
                "sha256:a16698f2d1a4c7f8c604482f252ac3b44fb680878e84e2b091b76ba6cb23d4b0",
                "sha256:a2141cfb98c7e6d3ab7c50b511b02d688057417ac0a89d64795394a0e91369b4",
                "sha256:ac3d16be4662ce179187b51ae5698f0d25b970ab9e79d7216f6587623703c61a",
                "sha256:b1951fece88abb0d630a8b93eae2fa6cbf085dfcd727b34ccd9151008965cc7c",
                "sha256:c5c95a5e8f7aaa90da39604fe2e467b914183c81c7c776e2cade0173922c48cc",
                "sha256:cfe04992f508389e0a21eebb3b109c560b4b55ce66eab9783baa74f4b51aef3b",
                "sha256:d7eae953eaf8f9a0d9c3aa54dc59ff80322f156a5293940e5ab50ff7d46f6659",
                "sha256:de08cda9999a6095552d26ed96fa86519c93bccd80a1cd7762feec9e4f935e43",
                "sha256:e4f46417e7a9b9df050b1bc2596a33cc7036a2cb0ec8d4a03bd80c7601ef87be",
                "sha256:e50f2897b85eb40bf6b9a51fb62ecc0b00fb18edaf376febf8cf55d29baadf58",
                "sha256:e91df696f8e84a306b3c95c041df2e19d752ede94006f388483d47105e15185d",
                "sha256:ee8de5169d1f2639e9a7f76a59eb1c5d7708051fc3f7e336bf430b1b61533922"
            ],
            "index": "pypi",
            "version": "==3.4.5.20"
        },
        "pigpio": {
            "hashes": [
                "sha256:c53c155fac05f855657c794f533cb128a516d041d6560e0fb0ead5247a7ac2fe",
                "sha256:df5e430e5c026c95f575cb50ccd18eb37d41be4e0bbbde070ab332dae27fdf58"
            ],
            "index": "pypi",
            "version": "==1.44"
        },
        "pynmea2": {
            "hashes": [
                "sha256:8b83fa7e3e668af5e182ef1c2fd4a535433ecadf60d7b627280172d695a1646b",
                "sha256:fe786594299588d1bfbd346ece2c2c1e5b24e160dcb740813c34bfa70d0a141d"
            ],
            "index": "pypi",
            "version": "==1.15.0"
        },
        "pyserial": {
            "git": "https://github.com/pyserial/pyserial.git",
            "ref": "3a6ae5a630589a29af8d8bd45616d7aadb2fb3db"
        },
        "smbus": {
            "hashes": [
                "sha256:39923448455a41c6bbe823de62b191103dd711917056362d9e4b1d2c6ec0f06d",
                "sha256:529f9effc383b6381534d1d845eaf1078bdd2d4e625c945b23cf274d5cf1c306",
                "sha256:b467235734ae5c147c4ec0eff1afb9dba189d9d3cc086ed7e0d3dbf0ae485230",
                "sha256:f96d345e0aa10053a8a4917634f1dc37ba1f656fa5cace7629b71777e90855c6"
            ],
            "index": "pypi",
            "version": "==1.1.post2"
        }
    },
    "develop": {}
}
